
Microsoft Visual Studio Solution File, Format Version 12.00
# Visual Studio Version 16
VisualStudioVersion = 16.0.31729.503
MinimumVisualStudioVersion = 10.0.40219.1
Project("{888888A0-9F3D-457C-B088-3A5042F75D52}") = "KoduTooSpiski", "KoduTooSpiski\KoduTooSpiski.pyproj", "{E8B318BA-E500-43B2-B285-1B2565EAD3CA}"
EndProject
Global
	GlobalSection(SolutionConfigurationPlatforms) = preSolution
		Debug|Any CPU = Debug|Any CPU
		Release|Any CPU = Release|Any CPU
	EndGlobalSection
	GlobalSection(ProjectConfigurationPlatforms) = postSolution
		{E8B318BA-E500-43B2-B285-1B2565EAD3CA}.Debug|Any CPU.ActiveCfg = Debug|Any CPU
		{E8B318BA-E500-43B2-B285-1B2565EAD3CA}.Release|Any CPU.ActiveCfg = Release|Any CPU
	EndGlobalSection
	GlobalSection(SolutionProperties) = preSolution
		HideSolutionNode = FALSE
	EndGlobalSection
	GlobalSection(ExtensibilityGlobals) = postSolution
		SolutionGuid = {2C6939A9-9001-4001-981B-5C1B8A4D9D90}
	EndGlobalSection
EndGlobal
